<?xml version="1.0" encoding="utf-8"?>
<Project ToolsVersion="4.0" xmlns="http://schemas.microsoft.com/developer/msbuild/2003">
  <ItemGroup>
    <Filter Include="Source Files">
      <UniqueIdentifier>{4FC737F1-C7A5-4376-A066-2A32D752A2FF}</UniqueIdentifier>
      <Extensions>cpp;c;cc;cxx;c++;cppm;ixx;def;odl;idl;hpj;bat;asm;asmx</Extensions>
    </Filter>
    <Filter Include="Game Specific">
      <UniqueIdentifier>{a9b90ce7-8f78-49e2-9c5a-00548e8aea28}</UniqueIdentifier>
    </Filter>
    <Filter Include="Components">
      <UniqueIdentifier>{b6714dfc-df1e-4d37-9364-85cb963cdabe}</UniqueIdentifier>
    </Filter>
    <Filter Include="Characters">
      <UniqueIdentifier>{93995380-89BD-4b04-88EB-625FBE52EBFB}</UniqueIdentifier>
      <Extensions>h;hh;hpp;hxx;h++;hm;inl;inc;ipp;xsd</Extensions>
    </Filter>
  </ItemGroup>
  <ItemGroup>
    <ClCompile Include="GameCommands.cpp">
      <Filter>Game Specific</Filter>
    </ClCompile>
    <ClCompile Include="Main.cpp">
      <Filter>Source Files</Filter>
    </ClCompile>
    <ClCompile Include="PointsDisplay.cpp">
      <Filter>Components</Filter>
    </ClCompile>
    <ClCompile Include="PointsComponent.cpp">
      <Filter>Components</Filter>
    </ClCompile>
    <ClCompile Include="LivesDisplay.cpp">
      <Filter>Components</Filter>
    </ClCompile>
    <ClCompile Include="Player.cpp">
      <Filter>Characters</Filter>
    </ClCompile>
    <ClCompile Include="GalagaGame.cpp">
      <Filter>Source Files</Filter>
    </ClCompile>
  </ItemGroup>
  <ItemGroup>
    <ClInclude Include="Player.h">
      <Filter>Characters</Filter>
    </ClInclude>
    <ClInclude Include="PointsComponent.h">
      <Filter>Components</Filter>
    </ClInclude>
    <ClInclude Include="PointsDisplay.h">
      <Filter>Components</Filter>
    </ClInclude>
    <ClInclude Include="LivesComponent.h">
      <Filter>Components</Filter>
    </ClInclude>
    <ClInclude Include="LivesDisplay.h">
      <Filter>Components</Filter>
    </ClInclude>
    <ClInclude Include="ObjectFactory.h">
      <Filter>Game Specific</Filter>
    </ClInclude>
    <ClInclude Include="GameCommands.h">
      <Filter>Characters</Filter>
    </ClInclude>
    <ClInclude Include="GameEvents.h">
      <Filter>Characters</Filter>
    </ClInclude>
    <ClInclude Include="GalagaGame.h">
      <Filter>Source Files</Filter>
    </ClInclude>
  </ItemGroup>
</Project>