<?xml version="1.0" encoding="utf-8"?>
<Project ToolsVersion="4.0" xmlns="http://schemas.microsoft.com/developer/msbuild/2003">
  <ItemGroup>
    <Filter Include="Source Files">
      <UniqueIdentifier>{4FC737F1-C7A5-4376-A066-2A32D752A2FF}</UniqueIdentifier>
      <Extensions>cpp;c;cc;cxx;c++;cppm;ixx;def;odl;idl;hpj;bat;asm;asmx</Extensions>
    </Filter>
    <Filter Include="Header Files">
      <UniqueIdentifier>{93995380-89BD-4b04-88EB-625FBE52EBFB}</UniqueIdentifier>
      <Extensions>h;hh;hpp;hxx;h++;hm;inl;inc;ipp;xsd</Extensions>
    </Filter>
    <Filter Include="Resource Files">
      <UniqueIdentifier>{67DA6AB6-F800-4c08-8B7A-83BB121AAD01}</UniqueIdentifier>
      <Extensions>rc;ico;cur;bmp;dlg;rc2;rct;bin;rgs;gif;jpg;jpeg;jpe;resx;tiff;tif;png;wav;mfcribbon-ms</Extensions>
    </Filter>
    <Filter Include="Game Specific">
      <UniqueIdentifier>{a9b90ce7-8f78-49e2-9c5a-00548e8aea28}</UniqueIdentifier>
    </Filter>
  </ItemGroup>
  <ItemGroup>
    <ClCompile Include="..\Minigin\LivesDisplay.cpp">
      <Filter>Game Specific</Filter>
    </ClCompile>
    <ClCompile Include="..\Minigin\PointsComponent.cpp">
      <Filter>Game Specific</Filter>
    </ClCompile>
    <ClCompile Include="..\Minigin\PointsDisplay.cpp">
      <Filter>Game Specific</Filter>
    </ClCompile>
    <ClCompile Include="..\Minigin\Main.cpp">
      <Filter>Source Files</Filter>
    </ClCompile>
    <ClCompile Include="Player.cpp">
      <Filter>Source Files</Filter>
    </ClCompile>
    <ClCompile Include="GameCommands.cpp">
      <Filter>Game Specific</Filter>
    </ClCompile>
    <ClCompile Include="MenuComponent.cpp">
      <Filter>Game Specific</Filter>
    </ClCompile>
    <ClCompile Include="GameManager.cpp">
      <Filter>Source Files</Filter>
    </ClCompile>
    <ClCompile Include="MenuItemComponent.cpp">
      <Filter>Source Files</Filter>
    </ClCompile>
  </ItemGroup>
  <ItemGroup>
    <ClInclude Include="..\Minigin\GameCommands.h">
      <Filter>Game Specific</Filter>
    </ClInclude>
    <ClInclude Include="..\Minigin\GameEvents.h">
      <Filter>Game Specific</Filter>
    </ClInclude>
    <ClInclude Include="..\Minigin\LivesComponent.h">
      <Filter>Game Specific</Filter>
    </ClInclude>
    <ClInclude Include="..\Minigin\LivesDisplay.h">
      <Filter>Game Specific</Filter>
    </ClInclude>
    <ClInclude Include="..\Minigin\PointsComponent.h">
      <Filter>Game Specific</Filter>
    </ClInclude>
    <ClInclude Include="..\Minigin\PointsDisplay.h">
      <Filter>Game Specific</Filter>
    </ClInclude>
    <ClInclude Include="Player.h">
      <Filter>Header Files</Filter>
    </ClInclude>
    <ClInclude Include="MenuComponent.h">
      <Filter>Header Files</Filter>
    </ClInclude>
    <ClInclude Include="GameManager.h">
      <Filter>Header Files</Filter>
    </ClInclude>
    <ClInclude Include="MenuItemComponent.h">
      <Filter>Header Files</Filter>
    </ClInclude>
    <ClInclude Include="ActionComponent.h">
      <Filter>Header Files</Filter>
    </ClInclude>
  </ItemGroup>
</Project>