<?xml version="1.0" encoding="utf-8"?>
<Project ToolsVersion="4.0" xmlns="http://schemas.microsoft.com/developer/msbuild/2003">
  <ItemGroup>
    <Filter Include="Source Files">
      <UniqueIdentifier>{4FC737F1-C7A5-4376-A066-2A32D752A2FF}</UniqueIdentifier>
      <Extensions>cpp;c;cc;cxx;c++;cppm;ixx;def;odl;idl;hpj;bat;asm;asmx</Extensions>
    </Filter>
    <Filter Include="Components">
      <UniqueIdentifier>{b6714dfc-df1e-4d37-9364-85cb963cdabe}</UniqueIdentifier>
    </Filter>
    <Filter Include="Game">
      <UniqueIdentifier>{700acfbc-cbad-47e8-b5ce-1f9e38998029}</UniqueIdentifier>
    </Filter>
    <Filter Include="Components\Display">
      <UniqueIdentifier>{8ea1ee49-a54e-4ef4-8a16-08b8a09f8cca}</UniqueIdentifier>
    </Filter>
    <Filter Include="Components\Characters">
      <UniqueIdentifier>{82332f4d-b057-45be-ba03-3958f3dd6ea6}</UniqueIdentifier>
    </Filter>
    <Filter Include="Components\Characters\Player">
      <UniqueIdentifier>{530d9779-26b4-4397-90b6-33de3d8b4dff}</UniqueIdentifier>
    </Filter>
    <Filter Include="Components\Characters\Enemy">
      <UniqueIdentifier>{7e6af711-f121-4c53-be3b-412fadec5b6d}</UniqueIdentifier>
    </Filter>
    <Filter Include="Game Helpers">
      <UniqueIdentifier>{a9b90ce7-8f78-49e2-9c5a-00548e8aea28}</UniqueIdentifier>
    </Filter>
  </ItemGroup>
  <ItemGroup>
    <ClCompile Include="GameCommands.cpp">
      <Filter>Game Helpers</Filter>
    </ClCompile>
    <ClCompile Include="Main.cpp">
      <Filter>Source Files</Filter>
    </ClCompile>
    <ClCompile Include="ObjectFactory.cpp">
      <Filter>Game Helpers</Filter>
    </ClCompile>
    <ClCompile Include="GameMode.cpp">
      <Filter>Game</Filter>
    </ClCompile>
    <ClCompile Include="GalagaGame.cpp">
      <Filter>Game</Filter>
    </ClCompile>
    <ClCompile Include="SceneFactory.cpp">
      <Filter>Game Helpers</Filter>
    </ClCompile>
    <ClCompile Include="BulletComponent.cpp">
      <Filter>Components\Characters\Player</Filter>
    </ClCompile>
    <ClCompile Include="PointsComponent.cpp">
      <Filter>Components\Characters\Player</Filter>
    </ClCompile>
    <ClCompile Include="ShootingComponent.cpp">
      <Filter>Components\Characters\Player</Filter>
    </ClCompile>
    <ClCompile Include="HighScoreDisplay.cpp">
      <Filter>Components\Display</Filter>
    </ClCompile>
    <ClCompile Include="PointsDisplay.cpp">
      <Filter>Components\Display</Filter>
    </ClCompile>
    <ClCompile Include="LivesDisplay.cpp">
      <Filter>Components\Display</Filter>
    </ClCompile>
    <ClCompile Include="EnemyComponent.cpp">
      <Filter>Components\Characters\Enemy</Filter>
    </ClCompile>
    <ClCompile Include="EnemyAttackComponent.cpp">
      <Filter>Components\Characters\Enemy</Filter>
    </ClCompile>
    <ClCompile Include="PlayerComponent.cpp">
      <Filter>Components\Characters\Player</Filter>
    </ClCompile>
    <ClCompile Include="BeeComponent.cpp">
      <Filter>Components\Characters\Enemy</Filter>
    </ClCompile>
    <ClCompile Include="ButterflyComponent.cpp">
      <Filter>Components\Characters\Enemy</Filter>
    </ClCompile>
    <ClCompile Include="BossGalagaComponent.cpp">
      <Filter>Components\Characters\Enemy</Filter>
    </ClCompile>
    <ClCompile Include="EnemyManager.cpp">
      <Filter>Game</Filter>
    </ClCompile>
    <ClCompile Include="PathMovement.cpp">
      <Filter>Components\Characters\Enemy</Filter>
    </ClCompile>
  </ItemGroup>
  <ItemGroup>
    <ClInclude Include="ObjectFactory.h">
      <Filter>Game Helpers</Filter>
    </ClInclude>
    <ClInclude Include="GalagaGame.h">
      <Filter>Game</Filter>
    </ClInclude>
    <ClInclude Include="GameMode.h">
      <Filter>Game</Filter>
    </ClInclude>
    <ClInclude Include="SceneFactory.h">
      <Filter>Game Helpers</Filter>
    </ClInclude>
    <ClInclude Include="BulletComponent.h">
      <Filter>Components\Characters\Player</Filter>
    </ClInclude>
    <ClInclude Include="PointsComponent.h">
      <Filter>Components\Characters\Player</Filter>
    </ClInclude>
    <ClInclude Include="ShootingComponent.h">
      <Filter>Components\Characters\Player</Filter>
    </ClInclude>
    <ClInclude Include="HighScoreDisplay.h">
      <Filter>Components\Display</Filter>
    </ClInclude>
    <ClInclude Include="PointsDisplay.h">
      <Filter>Components\Display</Filter>
    </ClInclude>
    <ClInclude Include="LivesDisplay.h">
      <Filter>Components\Display</Filter>
    </ClInclude>
    <ClInclude Include="EnemyComponent.h">
      <Filter>Components\Characters\Enemy</Filter>
    </ClInclude>
    <ClInclude Include="LivesComponent.h">
      <Filter>Components\Characters</Filter>
    </ClInclude>
    <ClInclude Include="EnemyAttackComponent.h">
      <Filter>Components\Characters\Enemy</Filter>
    </ClInclude>
    <ClInclude Include="PlayerComponent.h">
      <Filter>Components\Characters\Player</Filter>
    </ClInclude>
    <ClInclude Include="BeeComponent.h">
      <Filter>Components\Characters\Enemy</Filter>
    </ClInclude>
    <ClInclude Include="BossGalagaComponent.h">
      <Filter>Components\Characters\Enemy</Filter>
    </ClInclude>
    <ClInclude Include="ButterflyComponent.h">
      <Filter>Components\Characters\Enemy</Filter>
    </ClInclude>
    <ClInclude Include="EnemyManager.h">
      <Filter>Game</Filter>
    </ClInclude>
    <ClInclude Include="GameCommands.h">
      <Filter>Game Helpers</Filter>
    </ClInclude>
    <ClInclude Include="GameEvents.h">
      <Filter>Game Helpers</Filter>
    </ClInclude>
    <ClInclude Include="SceneNames.h">
      <Filter>Game Helpers</Filter>
    </ClInclude>
    <ClInclude Include="PathMovement.h">
      <Filter>Components\Characters\Enemy</Filter>
    </ClInclude>
  </ItemGroup>
</Project>