<?xml version="1.0" encoding="utf-8"?>
<Project ToolsVersion="4.0" xmlns="http://schemas.microsoft.com/developer/msbuild/2003">
  <ItemGroup>
    <Filter Include="Engine">
      <UniqueIdentifier>{93995380-89BD-4b04-88EB-625FBE52EBFB}</UniqueIdentifier>
      <Extensions>h;hh;hpp;hxx;hm;inl;inc;xsd</Extensions>
    </Filter>
    <Filter Include="Engine\Input">
      <UniqueIdentifier>{4cd7aeee-9890-4912-a400-0cad77405ec1}</UniqueIdentifier>
    </Filter>
    <Filter Include="Engine\Resources">
      <UniqueIdentifier>{65c0b296-ce90-422a-88d1-ccb2f54eedb8}</UniqueIdentifier>
    </Filter>
    <Filter Include="Engine\Scene">
      <UniqueIdentifier>{5caa2a82-5295-40ac-a48a-edf54414fa8f}</UniqueIdentifier>
    </Filter>
    <Filter Include="Engine\Objects">
      <UniqueIdentifier>{fdd553bd-d774-43db-a469-c9fe288592a6}</UniqueIdentifier>
    </Filter>
    <Filter Include="Engine\Objects\Components">
      <UniqueIdentifier>{bef574c4-f0b5-4c89-b162-465ec0871691}</UniqueIdentifier>
    </Filter>
    <Filter Include="Engine\Game Specific">
      <UniqueIdentifier>{a7b62cfa-b26d-4970-8edd-380eb3e78115}</UniqueIdentifier>
    </Filter>
    <Filter Include="Engine\Events">
      <UniqueIdentifier>{ef70a5d8-fa9f-4350-9b9f-df1f1b221334}</UniqueIdentifier>
    </Filter>
  </ItemGroup>
  <ItemGroup>
    <ClInclude Include="Singleton.h">
      <Filter>Engine</Filter>
    </ClInclude>
    <ClInclude Include="Minigin.h">
      <Filter>Engine</Filter>
    </ClInclude>
    <ClInclude Include="TimeManager.h">
      <Filter>Engine</Filter>
    </ClInclude>
    <ClInclude Include="GameObject.h">
      <Filter>Engine\Objects</Filter>
    </ClInclude>
    <ClInclude Include="InputManager.h">
      <Filter>Engine\Input</Filter>
    </ClInclude>
    <ClInclude Include="Font.h">
      <Filter>Engine\Resources</Filter>
    </ClInclude>
    <ClInclude Include="Scene.h">
      <Filter>Engine\Scene</Filter>
    </ClInclude>
    <ClInclude Include="ResourceManager.h">
      <Filter>Engine\Resources</Filter>
    </ClInclude>
    <ClInclude Include="Renderer.h">
      <Filter>Engine\Scene</Filter>
    </ClInclude>
    <ClInclude Include="SceneManager.h">
      <Filter>Engine\Scene</Filter>
    </ClInclude>
    <ClInclude Include="Texture2D.h">
      <Filter>Engine\Resources</Filter>
    </ClInclude>
    <ClInclude Include="Transform.h">
      <Filter>Engine\Objects</Filter>
    </ClInclude>
    <ClInclude Include="BaseComponent.h">
      <Filter>Engine\Objects\Components</Filter>
    </ClInclude>
    <ClInclude Include="FPSComponent.h">
      <Filter>Engine\Objects\Components</Filter>
    </ClInclude>
    <ClInclude Include="TextComponent.h">
      <Filter>Engine\Objects\Components</Filter>
    </ClInclude>
    <ClInclude Include="GraphicsComponent.h">
      <Filter>Engine\Objects\Components</Filter>
    </ClInclude>
    <ClInclude Include="TextureComponent.h">
      <Filter>Engine\Objects\Components</Filter>
    </ClInclude>
    <ClInclude Include="XboxController.h">
      <Filter>Engine\Input</Filter>
    </ClInclude>
    <ClInclude Include="GameCommands.h">
      <Filter>Engine\Game Specific</Filter>
    </ClInclude>
    <ClInclude Include="LivesComponent.h">
      <Filter>Engine\Game Specific</Filter>
    </ClInclude>
    <ClInclude Include="GameEvents.h">
      <Filter>Engine\Game Specific</Filter>
    </ClInclude>
    <ClInclude Include="LivesDisplay.h">
      <Filter>Engine\Game Specific</Filter>
    </ClInclude>
    <ClInclude Include="PointsComponent.h">
      <Filter>Engine\Game Specific</Filter>
    </ClInclude>
    <ClInclude Include="PointsDisplay.h">
      <Filter>Engine\Game Specific</Filter>
    </ClInclude>
    <ClInclude Include="Event.h">
      <Filter>Engine\Events</Filter>
    </ClInclude>
    <ClInclude Include="Subject.h">
      <Filter>Engine\Events</Filter>
    </ClInclude>
  </ItemGroup>
  <ItemGroup>
    <ClCompile Include="GameObject.cpp">
      <Filter>Engine\Objects</Filter>
    </ClCompile>
    <ClCompile Include="Main.cpp">
      <Filter>Engine</Filter>
    </ClCompile>
    <ClCompile Include="Minigin.cpp">
      <Filter>Engine</Filter>
    </ClCompile>
    <ClCompile Include="TimeManager.cpp">
      <Filter>Engine</Filter>
    </ClCompile>
    <ClCompile Include="InputManager.cpp">
      <Filter>Engine\Input</Filter>
    </ClCompile>
    <ClCompile Include="Font.cpp">
      <Filter>Engine\Resources</Filter>
    </ClCompile>
    <ClCompile Include="ResourceManager.cpp">
      <Filter>Engine\Resources</Filter>
    </ClCompile>
    <ClCompile Include="Texture2D.cpp">
      <Filter>Engine\Resources</Filter>
    </ClCompile>
    <ClCompile Include="Scene.cpp">
      <Filter>Engine\Scene</Filter>
    </ClCompile>
    <ClCompile Include="Renderer.cpp">
      <Filter>Engine\Scene</Filter>
    </ClCompile>
    <ClCompile Include="SceneManager.cpp">
      <Filter>Engine\Scene</Filter>
    </ClCompile>
    <ClCompile Include="Transform.cpp">
      <Filter>Engine\Objects</Filter>
    </ClCompile>
    <ClCompile Include="FPSComponent.cpp">
      <Filter>Engine\Objects\Components</Filter>
    </ClCompile>
    <ClCompile Include="TextComponent.cpp">
      <Filter>Engine\Objects\Components</Filter>
    </ClCompile>
    <ClCompile Include="GraphicsComponent.cpp">
      <Filter>Engine\Objects\Components</Filter>
    </ClCompile>
    <ClCompile Include="XboxController.cpp">
      <Filter>Engine\Input</Filter>
    </ClCompile>
    <ClCompile Include="Command.h">
      <Filter>Engine\Input</Filter>
    </ClCompile>
    <ClCompile Include="LivesDisplay.cpp">
      <Filter>Engine\Game Specific</Filter>
    </ClCompile>
    <ClCompile Include="PointsComponent.cpp">
      <Filter>Engine\Game Specific</Filter>
    </ClCompile>
    <ClCompile Include="PointsDisplay.cpp">
      <Filter>Engine\Game Specific</Filter>
    </ClCompile>
    <ClCompile Include="Observer.h">
      <Filter>Engine\Events</Filter>
    </ClCompile>
  </ItemGroup>
</Project>